
Microsoft Visual Studio Solution File, Format Version 12.00
# Visual Studio 15
VisualStudioVersion = 15.0.28010.2036
MinimumVisualStudioVersion = 10.0.40219.1
Project("{FAE04EC0-301F-11D3-BF4B-00C04F79EFBC}") = "DotNetTest", "DotNetTest\DotNetTest.csproj", "{93C9870D-78C0-4157-B563-09622273DD9F}"
EndProject
Project("{FAE04EC0-301F-11D3-BF4B-00C04F79EFBC}") = "UnitTestProject1", "UnitTestProject1\UnitTestProject1.csproj", "{65E6CEF5-2D8C-412A-A304-2FEF53AA12F9}"
EndProject
Global
	GlobalSection(SolutionConfigurationPlatforms) = preSolution
		Debug|Any CPU = Debug|Any CPU
		Release|Any CPU = Release|Any CPU
	EndGlobalSection
	GlobalSection(ProjectConfigurationPlatforms) = postSolution
		{93C9870D-78C0-4157-B563-09622273DD9F}.Debug|Any CPU.ActiveCfg = Debug|Any CPU
		{93C9870D-78C0-4157-B563-09622273DD9F}.Debug|Any CPU.Build.0 = Debug|Any CPU
		{93C9870D-78C0-4157-B563-09622273DD9F}.Release|Any CPU.ActiveCfg = Release|Any CPU
		{93C9870D-78C0-4157-B563-09622273DD9F}.Release|Any CPU.Build.0 = Release|Any CPU
		{65E6CEF5-2D8C-412A-A304-2FEF53AA12F9}.Debug|Any CPU.ActiveCfg = Debug|Any CPU
		{65E6CEF5-2D8C-412A-A304-2FEF53AA12F9}.Debug|Any CPU.Build.0 = Debug|Any CPU
		{65E6CEF5-2D8C-412A-A304-2FEF53AA12F9}.Release|Any CPU.ActiveCfg = Release|Any CPU
		{65E6CEF5-2D8C-412A-A304-2FEF53AA12F9}.Release|Any CPU.Build.0 = Release|Any CPU
	EndGlobalSection
	GlobalSection(SolutionProperties) = preSolution
		HideSolutionNode = FALSE
	EndGlobalSection
	GlobalSection(ExtensibilityGlobals) = postSolution
		SolutionGuid = {EC908F92-E505-4E1F-9CAE-183958579C5E}
	EndGlobalSection
EndGlobal
