
Microsoft Visual Studio Solution File, Format Version 12.00
# Visual Studio Version 16
VisualStudioVersion = 16.0.29709.97
MinimumVisualStudioVersion = 10.0.40219.1
Project("{FAE04EC0-301F-11D3-BF4B-00C04F79EFBC}") = "DotNetTest", "DotNetTest\DotNetTest.csproj", "{93C9870D-78C0-4157-B563-09622273DD9F}"
EndProject
Project("{FAE04EC0-301F-11D3-BF4B-00C04F79EFBC}") = "UnitTestProject1", "UnitTestProject1\UnitTestProject1.csproj", "{65E6CEF5-2D8C-412A-A304-2FEF53AA12F9}"
EndProject
Project("{FAE04EC0-301F-11D3-BF4B-00C04F79EFBC}") = "WpfTestApp", "WpfTestApp\WpfTestApp.csproj", "{7A753AC9-48ED-46DE-8F04-A40FD69C51B4}"
EndProject
Project("{FAE04EC0-301F-11D3-BF4B-00C04F79EFBC}") = "AutoFacTest", "AutoFacTest\AutoFacTest.csproj", "{C05E0BE5-061D-437D-AF45-A398E9A6DF06}"
EndProject
Project("{FAE04EC0-301F-11D3-BF4B-00C04F79EFBC}") = "DemoLibrary", "DemoLibrary\DemoLibrary.csproj", "{8A33ABF8-8310-4735-AA7E-1CDAE72642A9}"
EndProject
Project("{2150E333-8FDC-42A3-9474-1A3956D46DE8}") = "Solution Items", "Solution Items", "{312D88DF-60D8-4272-99A6-B683C20C8679}"
	ProjectSection(SolutionItems) = preProject
		.gitignore = .gitignore
	EndProjectSection
EndProject
Project("{FAE04EC0-301F-11D3-BF4B-00C04F79EFBC}") = "ConsoleAutoFac", "ConsoleAutoFac\ConsoleAutoFac.csproj", "{49C0A2AB-03B6-472D-8754-56024A1F4E2A}"
EndProject
Global
	GlobalSection(SolutionConfigurationPlatforms) = preSolution
		Debug|Any CPU = Debug|Any CPU
		Release|Any CPU = Release|Any CPU
	EndGlobalSection
	GlobalSection(ProjectConfigurationPlatforms) = postSolution
		{93C9870D-78C0-4157-B563-09622273DD9F}.Debug|Any CPU.ActiveCfg = Debug|Any CPU
		{93C9870D-78C0-4157-B563-09622273DD9F}.Debug|Any CPU.Build.0 = Debug|Any CPU
		{93C9870D-78C0-4157-B563-09622273DD9F}.Release|Any CPU.ActiveCfg = Release|Any CPU
		{93C9870D-78C0-4157-B563-09622273DD9F}.Release|Any CPU.Build.0 = Release|Any CPU
		{65E6CEF5-2D8C-412A-A304-2FEF53AA12F9}.Debug|Any CPU.ActiveCfg = Debug|Any CPU
		{65E6CEF5-2D8C-412A-A304-2FEF53AA12F9}.Debug|Any CPU.Build.0 = Debug|Any CPU
		{65E6CEF5-2D8C-412A-A304-2FEF53AA12F9}.Release|Any CPU.ActiveCfg = Release|Any CPU
		{65E6CEF5-2D8C-412A-A304-2FEF53AA12F9}.Release|Any CPU.Build.0 = Release|Any CPU
		{7A753AC9-48ED-46DE-8F04-A40FD69C51B4}.Debug|Any CPU.ActiveCfg = Debug|Any CPU
		{7A753AC9-48ED-46DE-8F04-A40FD69C51B4}.Debug|Any CPU.Build.0 = Debug|Any CPU
		{7A753AC9-48ED-46DE-8F04-A40FD69C51B4}.Release|Any CPU.ActiveCfg = Release|Any CPU
		{7A753AC9-48ED-46DE-8F04-A40FD69C51B4}.Release|Any CPU.Build.0 = Release|Any CPU
		{C05E0BE5-061D-437D-AF45-A398E9A6DF06}.Debug|Any CPU.ActiveCfg = Debug|Any CPU
		{C05E0BE5-061D-437D-AF45-A398E9A6DF06}.Debug|Any CPU.Build.0 = Debug|Any CPU
		{C05E0BE5-061D-437D-AF45-A398E9A6DF06}.Release|Any CPU.ActiveCfg = Release|Any CPU
		{C05E0BE5-061D-437D-AF45-A398E9A6DF06}.Release|Any CPU.Build.0 = Release|Any CPU
		{8A33ABF8-8310-4735-AA7E-1CDAE72642A9}.Debug|Any CPU.ActiveCfg = Debug|Any CPU
		{8A33ABF8-8310-4735-AA7E-1CDAE72642A9}.Debug|Any CPU.Build.0 = Debug|Any CPU
		{8A33ABF8-8310-4735-AA7E-1CDAE72642A9}.Release|Any CPU.ActiveCfg = Release|Any CPU
		{8A33ABF8-8310-4735-AA7E-1CDAE72642A9}.Release|Any CPU.Build.0 = Release|Any CPU
		{49C0A2AB-03B6-472D-8754-56024A1F4E2A}.Debug|Any CPU.ActiveCfg = Debug|Any CPU
		{49C0A2AB-03B6-472D-8754-56024A1F4E2A}.Debug|Any CPU.Build.0 = Debug|Any CPU
		{49C0A2AB-03B6-472D-8754-56024A1F4E2A}.Release|Any CPU.ActiveCfg = Release|Any CPU
		{49C0A2AB-03B6-472D-8754-56024A1F4E2A}.Release|Any CPU.Build.0 = Release|Any CPU
	EndGlobalSection
	GlobalSection(SolutionProperties) = preSolution
		HideSolutionNode = FALSE
	EndGlobalSection
	GlobalSection(ExtensibilityGlobals) = postSolution
		SolutionGuid = {EC908F92-E505-4E1F-9CAE-183958579C5E}
	EndGlobalSection
EndGlobal
